
Microsoft Visual Studio Solution File, Format Version 11.00
# Visual Studio 2010
Project("{FAE04EC0-301F-11D3-BF4B-00C04F79EFBC}") = "Practical_1", "Practical_1\Practical_1.csproj", "{7518913B-4041-4815-B648-983970014640}"
EndProject
Project("{FAE04EC0-301F-11D3-BF4B-00C04F79EFBC}") = "Practical_2", "Practical_2\Practical_2.csproj", "{66BD505F-1F80-4DF9-922E-692B09D49672}"
EndProject
Project("{FAE04EC0-301F-11D3-BF4B-00C04F79EFBC}") = "Practical_3", "Practical_3\Practical_3.csproj", "{CCFD575F-445F-404D-B80C-302CE0447110}"
EndProject
Project("{FAE04EC0-301F-11D3-BF4B-00C04F79EFBC}") = "Practical_5", "Practical_5\Practical_5.csproj", "{4A726833-1BCC-406C-B1A1-1F2EB95FB700}"
EndProject
Project("{FAE04EC0-301F-11D3-BF4B-00C04F79EFBC}") = "Practical_4", "Practical_4\Practical_4.csproj", "{D1963270-E3AD-4819-BC64-65B69D9A4269}"
EndProject
Global
	GlobalSection(SolutionConfigurationPlatforms) = preSolution
		Debug|Any CPU = Debug|Any CPU
		Debug|Mixed Platforms = Debug|Mixed Platforms
		Debug|x86 = Debug|x86
		Release|Any CPU = Release|Any CPU
		Release|Mixed Platforms = Release|Mixed Platforms
		Release|x86 = Release|x86
	EndGlobalSection
	GlobalSection(ProjectConfigurationPlatforms) = postSolution
		{7518913B-4041-4815-B648-983970014640}.Debug|Any CPU.ActiveCfg = Debug|x86
		{7518913B-4041-4815-B648-983970014640}.Debug|Mixed Platforms.ActiveCfg = Debug|x86
		{7518913B-4041-4815-B648-983970014640}.Debug|Mixed Platforms.Build.0 = Debug|x86
		{7518913B-4041-4815-B648-983970014640}.Debug|x86.ActiveCfg = Debug|x86
		{7518913B-4041-4815-B648-983970014640}.Debug|x86.Build.0 = Debug|x86
		{7518913B-4041-4815-B648-983970014640}.Release|Any CPU.ActiveCfg = Release|x86
		{7518913B-4041-4815-B648-983970014640}.Release|Mixed Platforms.ActiveCfg = Release|x86
		{7518913B-4041-4815-B648-983970014640}.Release|Mixed Platforms.Build.0 = Release|x86
		{7518913B-4041-4815-B648-983970014640}.Release|x86.ActiveCfg = Release|x86
		{7518913B-4041-4815-B648-983970014640}.Release|x86.Build.0 = Release|x86
		{66BD505F-1F80-4DF9-922E-692B09D49672}.Debug|Any CPU.ActiveCfg = Debug|x86
		{66BD505F-1F80-4DF9-922E-692B09D49672}.Debug|Mixed Platforms.ActiveCfg = Debug|x86
		{66BD505F-1F80-4DF9-922E-692B09D49672}.Debug|Mixed Platforms.Build.0 = Debug|x86
		{66BD505F-1F80-4DF9-922E-692B09D49672}.Debug|x86.ActiveCfg = Debug|x86
		{66BD505F-1F80-4DF9-922E-692B09D49672}.Debug|x86.Build.0 = Debug|x86
		{66BD505F-1F80-4DF9-922E-692B09D49672}.Release|Any CPU.ActiveCfg = Release|x86
		{66BD505F-1F80-4DF9-922E-692B09D49672}.Release|Mixed Platforms.ActiveCfg = Release|x86
		{66BD505F-1F80-4DF9-922E-692B09D49672}.Release|Mixed Platforms.Build.0 = Release|x86
		{66BD505F-1F80-4DF9-922E-692B09D49672}.Release|x86.ActiveCfg = Release|x86
		{66BD505F-1F80-4DF9-922E-692B09D49672}.Release|x86.Build.0 = Release|x86
		{CCFD575F-445F-404D-B80C-302CE0447110}.Debug|Any CPU.ActiveCfg = Debug|x86
		{CCFD575F-445F-404D-B80C-302CE0447110}.Debug|Mixed Platforms.ActiveCfg = Debug|x86
		{CCFD575F-445F-404D-B80C-302CE0447110}.Debug|Mixed Platforms.Build.0 = Debug|x86
		{CCFD575F-445F-404D-B80C-302CE0447110}.Debug|x86.ActiveCfg = Debug|x86
		{CCFD575F-445F-404D-B80C-302CE0447110}.Debug|x86.Build.0 = Debug|x86
		{CCFD575F-445F-404D-B80C-302CE0447110}.Release|Any CPU.ActiveCfg = Release|x86
		{CCFD575F-445F-404D-B80C-302CE0447110}.Release|Mixed Platforms.ActiveCfg = Release|x86
		{CCFD575F-445F-404D-B80C-302CE0447110}.Release|Mixed Platforms.Build.0 = Release|x86
		{CCFD575F-445F-404D-B80C-302CE0447110}.Release|x86.ActiveCfg = Release|x86
		{CCFD575F-445F-404D-B80C-302CE0447110}.Release|x86.Build.0 = Release|x86
		{4A726833-1BCC-406C-B1A1-1F2EB95FB700}.Debug|Any CPU.ActiveCfg = Debug|x86
		{4A726833-1BCC-406C-B1A1-1F2EB95FB700}.Debug|Mixed Platforms.ActiveCfg = Debug|x86
		{4A726833-1BCC-406C-B1A1-1F2EB95FB700}.Debug|Mixed Platforms.Build.0 = Debug|x86
		{4A726833-1BCC-406C-B1A1-1F2EB95FB700}.Debug|x86.ActiveCfg = Debug|x86
		{4A726833-1BCC-406C-B1A1-1F2EB95FB700}.Debug|x86.Build.0 = Debug|x86
		{4A726833-1BCC-406C-B1A1-1F2EB95FB700}.Release|Any CPU.ActiveCfg = Release|x86
		{4A726833-1BCC-406C-B1A1-1F2EB95FB700}.Release|Mixed Platforms.ActiveCfg = Release|x86
		{4A726833-1BCC-406C-B1A1-1F2EB95FB700}.Release|Mixed Platforms.Build.0 = Release|x86
		{4A726833-1BCC-406C-B1A1-1F2EB95FB700}.Release|x86.ActiveCfg = Release|x86
		{4A726833-1BCC-406C-B1A1-1F2EB95FB700}.Release|x86.Build.0 = Release|x86
		{D1963270-E3AD-4819-BC64-65B69D9A4269}.Debug|Any CPU.ActiveCfg = Debug|x86
		{D1963270-E3AD-4819-BC64-65B69D9A4269}.Debug|Mixed Platforms.ActiveCfg = Debug|x86
		{D1963270-E3AD-4819-BC64-65B69D9A4269}.Debug|Mixed Platforms.Build.0 = Debug|x86
		{D1963270-E3AD-4819-BC64-65B69D9A4269}.Debug|x86.ActiveCfg = Debug|x86
		{D1963270-E3AD-4819-BC64-65B69D9A4269}.Debug|x86.Build.0 = Debug|x86
		{D1963270-E3AD-4819-BC64-65B69D9A4269}.Release|Any CPU.ActiveCfg = Release|x86
		{D1963270-E3AD-4819-BC64-65B69D9A4269}.Release|Mixed Platforms.ActiveCfg = Release|x86
		{D1963270-E3AD-4819-BC64-65B69D9A4269}.Release|Mixed Platforms.Build.0 = Release|x86
		{D1963270-E3AD-4819-BC64-65B69D9A4269}.Release|x86.ActiveCfg = Release|x86
		{D1963270-E3AD-4819-BC64-65B69D9A4269}.Release|x86.Build.0 = Release|x86
	EndGlobalSection
	GlobalSection(SolutionProperties) = preSolution
		HideSolutionNode = FALSE
	EndGlobalSection
EndGlobal
