
Microsoft Visual Studio Solution File, Format Version 11.00
# Visual Studio 2010
Project("{FAE04EC0-301F-11D3-BF4B-00C04F79EFBC}") = "Practical_1", "Practical_1\Practical_1.csproj", "{7518913B-4041-4815-B648-983970014640}"
EndProject
Global
	GlobalSection(SolutionConfigurationPlatforms) = preSolution
		Debug|x86 = Debug|x86
		Release|x86 = Release|x86
	EndGlobalSection
	GlobalSection(ProjectConfigurationPlatforms) = postSolution
		{7518913B-4041-4815-B648-983970014640}.Debug|x86.ActiveCfg = Debug|x86
		{7518913B-4041-4815-B648-983970014640}.Debug|x86.Build.0 = Debug|x86
		{7518913B-4041-4815-B648-983970014640}.Release|x86.ActiveCfg = Release|x86
		{7518913B-4041-4815-B648-983970014640}.Release|x86.Build.0 = Release|x86
	EndGlobalSection
	GlobalSection(SolutionProperties) = preSolution
		HideSolutionNode = FALSE
	EndGlobalSection
EndGlobal
